
Microsoft Visual Studio Solution File, Format Version 12.00
# Visual Studio Version 17
VisualStudioVersion = 17.5.33530.505
MinimumVisualStudioVersion = 10.0.40219.1
Project("{FAE04EC0-301F-11D3-BF4B-00C04F79EFBC}") = "YLDChallenge2.ConsoleApp", "YLDChallenge2.ConsoleApp\YLDChallenge2.ConsoleApp.csproj", "{CFB34877-3140-4EBF-816A-404B7036F724}"
EndProject
Global
	GlobalSection(SolutionConfigurationPlatforms) = preSolution
		Debug|Any CPU = Debug|Any CPU
		Release|Any CPU = Release|Any CPU
	EndGlobalSection
	GlobalSection(ProjectConfigurationPlatforms) = postSolution
		{CFB34877-3140-4EBF-816A-404B7036F724}.Debug|Any CPU.ActiveCfg = Debug|Any CPU
		{CFB34877-3140-4EBF-816A-404B7036F724}.Debug|Any CPU.Build.0 = Debug|Any CPU
		{CFB34877-3140-4EBF-816A-404B7036F724}.Release|Any CPU.ActiveCfg = Release|Any CPU
		{CFB34877-3140-4EBF-816A-404B7036F724}.Release|Any CPU.Build.0 = Release|Any CPU
	EndGlobalSection
	GlobalSection(SolutionProperties) = preSolution
		HideSolutionNode = FALSE
	EndGlobalSection
	GlobalSection(ExtensibilityGlobals) = postSolution
		SolutionGuid = {DA11C406-7621-4E49-A393-E9F7821F428C}
	EndGlobalSection
EndGlobal
